
Microsoft Visual Studio Solution File, Format Version 12.00
Project("{FAE04EC0-301F-11D3-BF4B-00C04F79EFBC}") = "gggfd3434", "gggfd3434\gggfd3434.csproj", "{1D527A13-A8AE-4C51-8BDE-ADAF8526B918}"
EndProject
Global
	GlobalSection(SolutionConfigurationPlatforms) = preSolution
		Debug|Any CPU = Debug|Any CPU
		Release|Any CPU = Release|Any CPU
	EndGlobalSection
	GlobalSection(ProjectConfigurationPlatforms) = postSolution
		{1D527A13-A8AE-4C51-8BDE-ADAF8526B918}.Debug|Any CPU.ActiveCfg = Debug|Any CPU
		{1D527A13-A8AE-4C51-8BDE-ADAF8526B918}.Debug|Any CPU.Build.0 = Debug|Any CPU
		{1D527A13-A8AE-4C51-8BDE-ADAF8526B918}.Release|Any CPU.ActiveCfg = Release|Any CPU
		{1D527A13-A8AE-4C51-8BDE-ADAF8526B918}.Release|Any CPU.Build.0 = Release|Any CPU
	EndGlobalSection
EndGlobal
